// !$*UTF8*$!
{
	archiveVersion = 1;
	classes = {
	};
	objectVersion = 51;
	objects = {

/* Begin PBXBuildFile section */
		01F09CA3E0F390F4AA779B0D /* Pods_elementsWeather.framework in Frameworks */ = {isa = PBXBuildFile; fileRef = F6DC000F93FFFA14215E30FB /* Pods_elementsWeather.framework */; };
		399C878EACE084E1980C04CF /* Pods_elementsWeatherTests.framework in Frameworks */ = {isa = PBXBuildFile; fileRef = 0D8AF8B54305CE57D7A0983F /* Pods_elementsWeatherTests.framework */; };
		66C35AFBD61BC0A538A6157B /* Pods_elementsWeather_elementsWeatherUITests.framework in Frameworks */ = {isa = PBXBuildFile; fileRef = DF8922179B78BA9D2042D22A /* Pods_elementsWeather_elementsWeatherUITests.framework */; };
		E7969EFE24D748A6006F287C /* UIImageView.swift in Sources */ = {isa = PBXBuildFile; fileRef = E7969EFD24D748A6006F287C /* UIImageView.swift */; };
		E7AA505424D70CAA002BBE66 /* CityDetailScreen.storyboard in Resources */ = {isa = PBXBuildFile; fileRef = E7AA505324D70CAA002BBE66 /* CityDetailScreen.storyboard */; };
		E7AA505624D70CB6002BBE66 /* CityDetailScreenViewController.swift in Sources */ = {isa = PBXBuildFile; fileRef = E7AA505524D70CB6002BBE66 /* CityDetailScreenViewController.swift */; };
		E7AA505824D70CC1002BBE66 /* CityDetailViewHandler.swift in Sources */ = {isa = PBXBuildFile; fileRef = E7AA505724D70CC1002BBE66 /* CityDetailViewHandler.swift */; };
		E7AA506424D71C84002BBE66 /* CityDetailCollectionViewCell.swift in Sources */ = {isa = PBXBuildFile; fileRef = E7AA506224D71C84002BBE66 /* CityDetailCollectionViewCell.swift */; };
		E7AA506524D71C84002BBE66 /* CityDetailCollectionViewCell.xib in Resources */ = {isa = PBXBuildFile; fileRef = E7AA506324D71C84002BBE66 /* CityDetailCollectionViewCell.xib */; };
		E7AA506724D74566002BBE66 /* CALayer.swift in Sources */ = {isa = PBXBuildFile; fileRef = E7AA506624D74566002BBE66 /* CALayer.swift */; };
		E7C57C8C24D216880004D7B7 /* AppDelegate.swift in Sources */ = {isa = PBXBuildFile; fileRef = E7C57C8B24D216880004D7B7 /* AppDelegate.swift */; };
		E7C57C9024D216880004D7B7 /* HomeScreenViewController.swift in Sources */ = {isa = PBXBuildFile; fileRef = E7C57C8F24D216880004D7B7 /* HomeScreenViewController.swift */; };
		E7C57C9324D216880004D7B7 /* HomeScreen.storyboard in Resources */ = {isa = PBXBuildFile; fileRef = E7C57C9124D216880004D7B7 /* HomeScreen.storyboard */; };
		E7C57C9624D216880004D7B7 /* elementsWeather.xcdatamodeld in Sources */ = {isa = PBXBuildFile; fileRef = E7C57C9424D216880004D7B7 /* elementsWeather.xcdatamodeld */; };
		E7C57C9824D216890004D7B7 /* Assets.xcassets in Resources */ = {isa = PBXBuildFile; fileRef = E7C57C9724D216890004D7B7 /* Assets.xcassets */; };
		E7C57C9B24D216890004D7B7 /* LaunchScreen.storyboard in Resources */ = {isa = PBXBuildFile; fileRef = E7C57C9924D216890004D7B7 /* LaunchScreen.storyboard */; };
		E7C57CA624D216890004D7B7 /* elementsWeatherTests.swift in Sources */ = {isa = PBXBuildFile; fileRef = E7C57CA524D216890004D7B7 /* elementsWeatherTests.swift */; };
		E7C57CB124D2168A0004D7B7 /* elementsWeatherUITests.swift in Sources */ = {isa = PBXBuildFile; fileRef = E7C57CB024D2168A0004D7B7 /* elementsWeatherUITests.swift */; };
		E7C57CC224D218A40004D7B7 /* NetworkManager.swift in Sources */ = {isa = PBXBuildFile; fileRef = E7C57CC124D218A40004D7B7 /* NetworkManager.swift */; };
		E7C57CC524D218DC0004D7B7 /* ConfigAPI.swift in Sources */ = {isa = PBXBuildFile; fileRef = E7C57CC424D218DC0004D7B7 /* ConfigAPI.swift */; };
		E7C57CC724D219CC0004D7B7 /* WeatherModel.swift in Sources */ = {isa = PBXBuildFile; fileRef = E7C57CC624D219CC0004D7B7 /* WeatherModel.swift */; };
		E7C57CCA24D21AD30004D7B7 /* Codable.swift in Sources */ = {isa = PBXBuildFile; fileRef = E7C57CC924D21AD30004D7B7 /* Codable.swift */; };
		E7C57CCF24D2200A0004D7B7 /* WeatherTableViewCell.swift in Sources */ = {isa = PBXBuildFile; fileRef = E7C57CCD24D2200A0004D7B7 /* WeatherTableViewCell.swift */; };
		E7C57CD024D2200A0004D7B7 /* WeatherTableViewCell.xib in Resources */ = {isa = PBXBuildFile; fileRef = E7C57CCE24D2200A0004D7B7 /* WeatherTableViewCell.xib */; };
		E7C57CD324D2229B0004D7B7 /* WeatherViewModel.swift in Sources */ = {isa = PBXBuildFile; fileRef = E7C57CD224D2229B0004D7B7 /* WeatherViewModel.swift */; };
		E7C57CD524D2238F0004D7B7 /* HomeScreenInteractor.swift in Sources */ = {isa = PBXBuildFile; fileRef = E7C57CD424D2238F0004D7B7 /* HomeScreenInteractor.swift */; };
		E7C57CD724D224C80004D7B7 /* HomeScreenViewHandler.swift in Sources */ = {isa = PBXBuildFile; fileRef = E7C57CD624D224C80004D7B7 /* HomeScreenViewHandler.swift */; };
/* End PBXBuildFile section */

/* Begin PBXContainerItemProxy section */
		E7C57CA224D216890004D7B7 /* PBXContainerItemProxy */ = {
			isa = PBXContainerItemProxy;
			containerPortal = E7C57C8024D216880004D7B7 /* Project object */;
			proxyType = 1;
			remoteGlobalIDString = E7C57C8724D216880004D7B7;
			remoteInfo = elementsWeather;
		};
		E7C57CAD24D2168A0004D7B7 /* PBXContainerItemProxy */ = {
			isa = PBXContainerItemProxy;
			containerPortal = E7C57C8024D216880004D7B7 /* Project object */;
			proxyType = 1;
			remoteGlobalIDString = E7C57C8724D216880004D7B7;
			remoteInfo = elementsWeather;
		};
/* End PBXContainerItemProxy section */

/* Begin PBXFileReference section */
		033140942FB6072F7095519A /* Pods-elementsWeatherTests.release.xcconfig */ = {isa = PBXFileReference; includeInIndex = 1; lastKnownFileType = text.xcconfig; name = "Pods-elementsWeatherTests.release.xcconfig"; path = "Target Support Files/Pods-elementsWeatherTests/Pods-elementsWeatherTests.release.xcconfig"; sourceTree = "<group>"; };
		0D8AF8B54305CE57D7A0983F /* Pods_elementsWeatherTests.framework */ = {isa = PBXFileReference; explicitFileType = wrapper.framework; includeInIndex = 0; path = Pods_elementsWeatherTests.framework; sourceTree = BUILT_PRODUCTS_DIR; };
		1F0C9A45B18B7C22BFD11CEA /* Pods-elementsWeather-elementsWeatherUITests.release.xcconfig */ = {isa = PBXFileReference; includeInIndex = 1; lastKnownFileType = text.xcconfig; name = "Pods-elementsWeather-elementsWeatherUITests.release.xcconfig"; path = "Target Support Files/Pods-elementsWeather-elementsWeatherUITests/Pods-elementsWeather-elementsWeatherUITests.release.xcconfig"; sourceTree = "<group>"; };
		62594D0A90850E434161C0D5 /* Pods-elementsWeather.release.xcconfig */ = {isa = PBXFileReference; includeInIndex = 1; lastKnownFileType = text.xcconfig; name = "Pods-elementsWeather.release.xcconfig"; path = "Target Support Files/Pods-elementsWeather/Pods-elementsWeather.release.xcconfig"; sourceTree = "<group>"; };
		64A5BBF331EDD5E549E2756F /* Pods-elementsWeatherTests.debug.xcconfig */ = {isa = PBXFileReference; includeInIndex = 1; lastKnownFileType = text.xcconfig; name = "Pods-elementsWeatherTests.debug.xcconfig"; path = "Target Support Files/Pods-elementsWeatherTests/Pods-elementsWeatherTests.debug.xcconfig"; sourceTree = "<group>"; };
		BB2A9F4E1265BBAADF755675 /* Pods-elementsWeather.debug.xcconfig */ = {isa = PBXFileReference; includeInIndex = 1; lastKnownFileType = text.xcconfig; name = "Pods-elementsWeather.debug.xcconfig"; path = "Target Support Files/Pods-elementsWeather/Pods-elementsWeather.debug.xcconfig"; sourceTree = "<group>"; };
		DF8922179B78BA9D2042D22A /* Pods_elementsWeather_elementsWeatherUITests.framework */ = {isa = PBXFileReference; explicitFileType = wrapper.framework; includeInIndex = 0; path = Pods_elementsWeather_elementsWeatherUITests.framework; sourceTree = BUILT_PRODUCTS_DIR; };
		E7969EFD24D748A6006F287C /* UIImageView.swift */ = {isa = PBXFileReference; lastKnownFileType = sourcecode.swift; path = UIImageView.swift; sourceTree = "<group>"; };
		E7AA505324D70CAA002BBE66 /* CityDetailScreen.storyboard */ = {isa = PBXFileReference; lastKnownFileType = file.storyboard; path = CityDetailScreen.storyboard; sourceTree = "<group>"; };
		E7AA505524D70CB6002BBE66 /* CityDetailScreenViewController.swift */ = {isa = PBXFileReference; lastKnownFileType = sourcecode.swift; path = CityDetailScreenViewController.swift; sourceTree = "<group>"; };
		E7AA505724D70CC1002BBE66 /* CityDetailViewHandler.swift */ = {isa = PBXFileReference; lastKnownFileType = sourcecode.swift; path = CityDetailViewHandler.swift; sourceTree = "<group>"; };
		E7AA506224D71C84002BBE66 /* CityDetailCollectionViewCell.swift */ = {isa = PBXFileReference; lastKnownFileType = sourcecode.swift; path = CityDetailCollectionViewCell.swift; sourceTree = "<group>"; };
		E7AA506324D71C84002BBE66 /* CityDetailCollectionViewCell.xib */ = {isa = PBXFileReference; lastKnownFileType = file.xib; path = CityDetailCollectionViewCell.xib; sourceTree = "<group>"; };
		E7AA506624D74566002BBE66 /* CALayer.swift */ = {isa = PBXFileReference; lastKnownFileType = sourcecode.swift; path = CALayer.swift; sourceTree = "<group>"; };
		E7C57C8824D216880004D7B7 /* elementsWeather.app */ = {isa = PBXFileReference; explicitFileType = wrapper.application; includeInIndex = 0; path = elementsWeather.app; sourceTree = BUILT_PRODUCTS_DIR; };
		E7C57C8B24D216880004D7B7 /* AppDelegate.swift */ = {isa = PBXFileReference; lastKnownFileType = sourcecode.swift; path = AppDelegate.swift; sourceTree = "<group>"; };
		E7C57C8F24D216880004D7B7 /* HomeScreenViewController.swift */ = {isa = PBXFileReference; lastKnownFileType = sourcecode.swift; path = HomeScreenViewController.swift; sourceTree = "<group>"; };
		E7C57C9224D216880004D7B7 /* Base */ = {isa = PBXFileReference; lastKnownFileType = file.storyboard; name = Base; path = Base.lproj/HomeScreen.storyboard; sourceTree = "<group>"; };
		E7C57C9524D216880004D7B7 /* elementsWeather.xcdatamodel */ = {isa = PBXFileReference; lastKnownFileType = wrapper.xcdatamodel; path = elementsWeather.xcdatamodel; sourceTree = "<group>"; };
		E7C57C9724D216890004D7B7 /* Assets.xcassets */ = {isa = PBXFileReference; lastKnownFileType = folder.assetcatalog; path = Assets.xcassets; sourceTree = "<group>"; };
		E7C57C9A24D216890004D7B7 /* Base */ = {isa = PBXFileReference; lastKnownFileType = file.storyboard; name = Base; path = Base.lproj/LaunchScreen.storyboard; sourceTree = "<group>"; };
		E7C57C9C24D216890004D7B7 /* Info.plist */ = {isa = PBXFileReference; lastKnownFileType = text.plist.xml; path = Info.plist; sourceTree = "<group>"; };
		E7C57CA124D216890004D7B7 /* elementsWeatherTests.xctest */ = {isa = PBXFileReference; explicitFileType = wrapper.cfbundle; includeInIndex = 0; path = elementsWeatherTests.xctest; sourceTree = BUILT_PRODUCTS_DIR; };
		E7C57CA524D216890004D7B7 /* elementsWeatherTests.swift */ = {isa = PBXFileReference; lastKnownFileType = sourcecode.swift; path = elementsWeatherTests.swift; sourceTree = "<group>"; };
		E7C57CA724D2168A0004D7B7 /* Info.plist */ = {isa = PBXFileReference; lastKnownFileType = text.plist.xml; path = Info.plist; sourceTree = "<group>"; };
		E7C57CAC24D2168A0004D7B7 /* elementsWeatherUITests.xctest */ = {isa = PBXFileReference; explicitFileType = wrapper.cfbundle; includeInIndex = 0; path = elementsWeatherUITests.xctest; sourceTree = BUILT_PRODUCTS_DIR; };
		E7C57CB024D2168A0004D7B7 /* elementsWeatherUITests.swift */ = {isa = PBXFileReference; lastKnownFileType = sourcecode.swift; path = elementsWeatherUITests.swift; sourceTree = "<group>"; };
		E7C57CB224D2168A0004D7B7 /* Info.plist */ = {isa = PBXFileReference; lastKnownFileType = text.plist.xml; path = Info.plist; sourceTree = "<group>"; };
		E7C57CC124D218A40004D7B7 /* NetworkManager.swift */ = {isa = PBXFileReference; lastKnownFileType = sourcecode.swift; path = NetworkManager.swift; sourceTree = "<group>"; };
		E7C57CC424D218DC0004D7B7 /* ConfigAPI.swift */ = {isa = PBXFileReference; lastKnownFileType = sourcecode.swift; path = ConfigAPI.swift; sourceTree = "<group>"; };
		E7C57CC624D219CC0004D7B7 /* WeatherModel.swift */ = {isa = PBXFileReference; lastKnownFileType = sourcecode.swift; path = WeatherModel.swift; sourceTree = "<group>"; };
		E7C57CC924D21AD30004D7B7 /* Codable.swift */ = {isa = PBXFileReference; lastKnownFileType = sourcecode.swift; path = Codable.swift; sourceTree = "<group>"; };
		E7C57CCD24D2200A0004D7B7 /* WeatherTableViewCell.swift */ = {isa = PBXFileReference; lastKnownFileType = sourcecode.swift; path = WeatherTableViewCell.swift; sourceTree = "<group>"; };
		E7C57CCE24D2200A0004D7B7 /* WeatherTableViewCell.xib */ = {isa = PBXFileReference; lastKnownFileType = file.xib; path = WeatherTableViewCell.xib; sourceTree = "<group>"; };
		E7C57CD224D2229B0004D7B7 /* WeatherViewModel.swift */ = {isa = PBXFileReference; lastKnownFileType = sourcecode.swift; path = WeatherViewModel.swift; sourceTree = "<group>"; };
		E7C57CD424D2238F0004D7B7 /* HomeScreenInteractor.swift */ = {isa = PBXFileReference; lastKnownFileType = sourcecode.swift; path = HomeScreenInteractor.swift; sourceTree = "<group>"; };
		E7C57CD624D224C80004D7B7 /* HomeScreenViewHandler.swift */ = {isa = PBXFileReference; lastKnownFileType = sourcecode.swift; path = HomeScreenViewHandler.swift; sourceTree = "<group>"; };
		ED149A50EF904243DF1D3106 /* Pods-elementsWeather-elementsWeatherUITests.debug.xcconfig */ = {isa = PBXFileReference; includeInIndex = 1; lastKnownFileType = text.xcconfig; name = "Pods-elementsWeather-elementsWeatherUITests.debug.xcconfig"; path = "Target Support Files/Pods-elementsWeather-elementsWeatherUITests/Pods-elementsWeather-elementsWeatherUITests.debug.xcconfig"; sourceTree = "<group>"; };
		F6DC000F93FFFA14215E30FB /* Pods_elementsWeather.framework */ = {isa = PBXFileReference; explicitFileType = wrapper.framework; includeInIndex = 0; path = Pods_elementsWeather.framework; sourceTree = BUILT_PRODUCTS_DIR; };
/* End PBXFileReference section */

/* Begin PBXFrameworksBuildPhase section */
		E7C57C8524D216880004D7B7 /* Frameworks */ = {
			isa = PBXFrameworksBuildPhase;
			buildActionMask = 2147483647;
			files = (
				01F09CA3E0F390F4AA779B0D /* Pods_elementsWeather.framework in Frameworks */,
			);
			runOnlyForDeploymentPostprocessing = 0;
		};
		E7C57C9E24D216890004D7B7 /* Frameworks */ = {
			isa = PBXFrameworksBuildPhase;
			buildActionMask = 2147483647;
			files = (
				399C878EACE084E1980C04CF /* Pods_elementsWeatherTests.framework in Frameworks */,
			);
			runOnlyForDeploymentPostprocessing = 0;
		};
		E7C57CA924D2168A0004D7B7 /* Frameworks */ = {
			isa = PBXFrameworksBuildPhase;
			buildActionMask = 2147483647;
			files = (
				66C35AFBD61BC0A538A6157B /* Pods_elementsWeather_elementsWeatherUITests.framework in Frameworks */,
			);
			runOnlyForDeploymentPostprocessing = 0;
		};
/* End PBXFrameworksBuildPhase section */

/* Begin PBXGroup section */
		90846638296809BAB5D89D48 /* Frameworks */ = {
			isa = PBXGroup;
			children = (
				F6DC000F93FFFA14215E30FB /* Pods_elementsWeather.framework */,
				DF8922179B78BA9D2042D22A /* Pods_elementsWeather_elementsWeatherUITests.framework */,
				0D8AF8B54305CE57D7A0983F /* Pods_elementsWeatherTests.framework */,
			);
			name = Frameworks;
			sourceTree = "<group>";
		};
		E715596D24D6D89700D7C42D /* Model */ = {
			isa = PBXGroup;
			children = (
				E7C57CD224D2229B0004D7B7 /* WeatherViewModel.swift */,
			);
			path = Model;
			sourceTree = "<group>";
		};
		E7AA505124D70C82002BBE66 /* CityDetail Screen */ = {
			isa = PBXGroup;
			children = (
				E7AA505D24D71A00002BBE66 /* CityDetailCell */,
				E7AA505324D70CAA002BBE66 /* CityDetailScreen.storyboard */,
				E7AA505524D70CB6002BBE66 /* CityDetailScreenViewController.swift */,
				E7AA505724D70CC1002BBE66 /* CityDetailViewHandler.swift */,
			);
			path = "CityDetail Screen";
			sourceTree = "<group>";
		};
		E7AA505D24D71A00002BBE66 /* CityDetailCell */ = {
			isa = PBXGroup;
			children = (
				E7AA506224D71C84002BBE66 /* CityDetailCollectionViewCell.swift */,
				E7AA506324D71C84002BBE66 /* CityDetailCollectionViewCell.xib */,
			);
			path = CityDetailCell;
			sourceTree = "<group>";
		};
		E7C57C7F24D216880004D7B7 = {
			isa = PBXGroup;
			children = (
				E7C57C8A24D216880004D7B7 /* elementsWeather */,
				E7C57CA424D216890004D7B7 /* elementsWeatherTests */,
				E7C57CAF24D2168A0004D7B7 /* elementsWeatherUITests */,
				E7C57C8924D216880004D7B7 /* Products */,
				EAB5D016F64BEA6133B63A79 /* Pods */,
				90846638296809BAB5D89D48 /* Frameworks */,
			);
			sourceTree = "<group>";
		};
		E7C57C8924D216880004D7B7 /* Products */ = {
			isa = PBXGroup;
			children = (
				E7C57C8824D216880004D7B7 /* elementsWeather.app */,
				E7C57CA124D216890004D7B7 /* elementsWeatherTests.xctest */,
				E7C57CAC24D2168A0004D7B7 /* elementsWeatherUITests.xctest */,
			);
			name = Products;
			sourceTree = "<group>";
		};
		E7C57C8A24D216880004D7B7 /* elementsWeather */ = {
			isa = PBXGroup;
			children = (
				E7C57CBF24D2174E0004D7B7 /* Home Screen */,
				E7AA505124D70C82002BBE66 /* CityDetail Screen */,
				E7C57CC024D218930004D7B7 /* Managers */,
				E7C57CC824D21AAB0004D7B7 /* Extensions */,
				E7C57CBE24D2172E0004D7B7 /* Support Files */,
			);
			path = elementsWeather;
			sourceTree = "<group>";
		};
		E7C57CA424D216890004D7B7 /* elementsWeatherTests */ = {
			isa = PBXGroup;
			children = (
				E7C57CA524D216890004D7B7 /* elementsWeatherTests.swift */,
				E7C57CA724D2168A0004D7B7 /* Info.plist */,
			);
			path = elementsWeatherTests;
			sourceTree = "<group>";
		};
		E7C57CAF24D2168A0004D7B7 /* elementsWeatherUITests */ = {
			isa = PBXGroup;
			children = (
				E7C57CB024D2168A0004D7B7 /* elementsWeatherUITests.swift */,
				E7C57CB224D2168A0004D7B7 /* Info.plist */,
			);
			path = elementsWeatherUITests;
			sourceTree = "<group>";
		};
		E7C57CBE24D2172E0004D7B7 /* Support Files */ = {
			isa = PBXGroup;
			children = (
				E7C57C8B24D216880004D7B7 /* AppDelegate.swift */,
				E7C57C9724D216890004D7B7 /* Assets.xcassets */,
				E7C57C9924D216890004D7B7 /* LaunchScreen.storyboard */,
				E7C57C9C24D216890004D7B7 /* Info.plist */,
				E7C57C9424D216880004D7B7 /* elementsWeather.xcdatamodeld */,
			);
			path = "Support Files";
			sourceTree = "<group>";
		};
		E7C57CBF24D2174E0004D7B7 /* Home Screen */ = {
			isa = PBXGroup;
			children = (
				E715596D24D6D89700D7C42D /* Model */,
				E7C57CCC24D21FDF0004D7B7 /* WeatherCell */,
				E7C57C9124D216880004D7B7 /* HomeScreen.storyboard */,
				E7C57C8F24D216880004D7B7 /* HomeScreenViewController.swift */,
				E7C57CD424D2238F0004D7B7 /* HomeScreenInteractor.swift */,
				E7C57CD624D224C80004D7B7 /* HomeScreenViewHandler.swift */,
			);
			path = "Home Screen";
			sourceTree = "<group>";
		};
		E7C57CC024D218930004D7B7 /* Managers */ = {
			isa = PBXGroup;
			children = (
				E7C57CC324D218CC0004D7B7 /* NetworkManager */,
			);
			path = Managers;
			sourceTree = "<group>";
		};
		E7C57CC324D218CC0004D7B7 /* NetworkManager */ = {
			isa = PBXGroup;
			children = (
				E7C57CC124D218A40004D7B7 /* NetworkManager.swift */,
				E7C57CC424D218DC0004D7B7 /* ConfigAPI.swift */,
				E7C57CC624D219CC0004D7B7 /* WeatherModel.swift */,
			);
			path = NetworkManager;
			sourceTree = "<group>";
		};
		E7C57CC824D21AAB0004D7B7 /* Extensions */ = {
			isa = PBXGroup;
			children = (
				E7C57CC924D21AD30004D7B7 /* Codable.swift */,
				E7AA506624D74566002BBE66 /* CALayer.swift */,
				E7969EFD24D748A6006F287C /* UIImageView.swift */,
			);
			path = Extensions;
			sourceTree = "<group>";
		};
		E7C57CCC24D21FDF0004D7B7 /* WeatherCell */ = {
			isa = PBXGroup;
			children = (
				E7C57CCD24D2200A0004D7B7 /* WeatherTableViewCell.swift */,
				E7C57CCE24D2200A0004D7B7 /* WeatherTableViewCell.xib */,
			);
			path = WeatherCell;
			sourceTree = "<group>";
		};
		EAB5D016F64BEA6133B63A79 /* Pods */ = {
			isa = PBXGroup;
			children = (
				BB2A9F4E1265BBAADF755675 /* Pods-elementsWeather.debug.xcconfig */,
				62594D0A90850E434161C0D5 /* Pods-elementsWeather.release.xcconfig */,
				ED149A50EF904243DF1D3106 /* Pods-elementsWeather-elementsWeatherUITests.debug.xcconfig */,
				1F0C9A45B18B7C22BFD11CEA /* Pods-elementsWeather-elementsWeatherUITests.release.xcconfig */,
				64A5BBF331EDD5E549E2756F /* Pods-elementsWeatherTests.debug.xcconfig */,
				033140942FB6072F7095519A /* Pods-elementsWeatherTests.release.xcconfig */,
			);
			path = Pods;
			sourceTree = "<group>";
		};
/* End PBXGroup section */

/* Begin PBXNativeTarget section */
		E7C57C8724D216880004D7B7 /* elementsWeather */ = {
			isa = PBXNativeTarget;
			buildConfigurationList = E7C57CB524D2168A0004D7B7 /* Build configuration list for PBXNativeTarget "elementsWeather" */;
			buildPhases = (
				00AAA5795369FBDED0FEDF9A /* [CP] Check Pods Manifest.lock */,
				E7C57C8424D216880004D7B7 /* Sources */,
				E7C57C8524D216880004D7B7 /* Frameworks */,
				E7C57C8624D216880004D7B7 /* Resources */,
				A0B0A67CFE4BDE833D9C847A /* [CP] Embed Pods Frameworks */,
			);
			buildRules = (
			);
			dependencies = (
			);
			name = elementsWeather;
			productName = elementsWeather;
			productReference = E7C57C8824D216880004D7B7 /* elementsWeather.app */;
			productType = "com.apple.product-type.application";
		};
		E7C57CA024D216890004D7B7 /* elementsWeatherTests */ = {
			isa = PBXNativeTarget;
			buildConfigurationList = E7C57CB824D2168A0004D7B7 /* Build configuration list for PBXNativeTarget "elementsWeatherTests" */;
			buildPhases = (
				B271F7C70519FF9FE5DFBAE4 /* [CP] Check Pods Manifest.lock */,
				E7C57C9D24D216890004D7B7 /* Sources */,
				E7C57C9E24D216890004D7B7 /* Frameworks */,
				E7C57C9F24D216890004D7B7 /* Resources */,
			);
			buildRules = (
			);
			dependencies = (
				E7C57CA324D216890004D7B7 /* PBXTargetDependency */,
			);
			name = elementsWeatherTests;
			productName = elementsWeatherTests;
			productReference = E7C57CA124D216890004D7B7 /* elementsWeatherTests.xctest */;
			productType = "com.apple.product-type.bundle.unit-test";
		};
		E7C57CAB24D2168A0004D7B7 /* elementsWeatherUITests */ = {
			isa = PBXNativeTarget;
			buildConfigurationList = E7C57CBB24D2168A0004D7B7 /* Build configuration list for PBXNativeTarget "elementsWeatherUITests" */;
			buildPhases = (
				F8720BE006756004D439E5E6 /* [CP] Check Pods Manifest.lock */,
				E7C57CA824D2168A0004D7B7 /* Sources */,
				E7C57CA924D2168A0004D7B7 /* Frameworks */,
				E7C57CAA24D2168A0004D7B7 /* Resources */,
				1638B8315BE773ABB2AABF09 /* [CP] Embed Pods Frameworks */,
			);
			buildRules = (
			);
			dependencies = (
				E7C57CAE24D2168A0004D7B7 /* PBXTargetDependency */,
			);
			name = elementsWeatherUITests;
			productName = elementsWeatherUITests;
			productReference = E7C57CAC24D2168A0004D7B7 /* elementsWeatherUITests.xctest */;
			productType = "com.apple.product-type.bundle.ui-testing";
		};
/* End PBXNativeTarget section */

/* Begin PBXProject section */
		E7C57C8024D216880004D7B7 /* Project object */ = {
			isa = PBXProject;
			attributes = {
				LastSwiftUpdateCheck = 1160;
				LastUpgradeCheck = 1160;
				ORGANIZATIONNAME = "Andrey Posnov";
				TargetAttributes = {
					E7C57C8724D216880004D7B7 = {
						CreatedOnToolsVersion = 11.6;
					};
					E7C57CA024D216890004D7B7 = {
						CreatedOnToolsVersion = 11.6;
						TestTargetID = E7C57C8724D216880004D7B7;
					};
					E7C57CAB24D2168A0004D7B7 = {
						CreatedOnToolsVersion = 11.6;
						TestTargetID = E7C57C8724D216880004D7B7;
					};
				};
			};
			buildConfigurationList = E7C57C8324D216880004D7B7 /* Build configuration list for PBXProject "elementsWeather" */;
			compatibilityVersion = "Xcode 9.3";
			developmentRegion = en;
			hasScannedForEncodings = 0;
			knownRegions = (
				en,
				Base,
			);
			mainGroup = E7C57C7F24D216880004D7B7;
			productRefGroup = E7C57C8924D216880004D7B7 /* Products */;
			projectDirPath = "";
			projectRoot = "";
			targets = (
				E7C57C8724D216880004D7B7 /* elementsWeather */,
				E7C57CA024D216890004D7B7 /* elementsWeatherTests */,
				E7C57CAB24D2168A0004D7B7 /* elementsWeatherUITests */,
			);
		};
/* End PBXProject section */

/* Begin PBXResourcesBuildPhase section */
		E7C57C8624D216880004D7B7 /* Resources */ = {
			isa = PBXResourcesBuildPhase;
			buildActionMask = 2147483647;
			files = (
				E7C57CD024D2200A0004D7B7 /* WeatherTableViewCell.xib in Resources */,
				E7AA505424D70CAA002BBE66 /* CityDetailScreen.storyboard in Resources */,
				E7AA506524D71C84002BBE66 /* CityDetailCollectionViewCell.xib in Resources */,
				E7C57C9B24D216890004D7B7 /* LaunchScreen.storyboard in Resources */,
				E7C57C9824D216890004D7B7 /* Assets.xcassets in Resources */,
				E7C57C9324D216880004D7B7 /* HomeScreen.storyboard in Resources */,
			);
			runOnlyForDeploymentPostprocessing = 0;
		};
		E7C57C9F24D216890004D7B7 /* Resources */ = {
			isa = PBXResourcesBuildPhase;
			buildActionMask = 2147483647;
			files = (
			);
			runOnlyForDeploymentPostprocessing = 0;
		};
		E7C57CAA24D2168A0004D7B7 /* Resources */ = {
			isa = PBXResourcesBuildPhase;
			buildActionMask = 2147483647;
			files = (
			);
			runOnlyForDeploymentPostprocessing = 0;
		};
/* End PBXResourcesBuildPhase section */

/* Begin PBXShellScriptBuildPhase section */
		00AAA5795369FBDED0FEDF9A /* [CP] Check Pods Manifest.lock */ = {
			isa = PBXShellScriptBuildPhase;
			buildActionMask = 2147483647;
			files = (
			);
			inputFileListPaths = (
			);
			inputPaths = (
				"${PODS_PODFILE_DIR_PATH}/Podfile.lock",
				"${PODS_ROOT}/Manifest.lock",
			);
			name = "[CP] Check Pods Manifest.lock";
			outputFileListPaths = (
			);
			outputPaths = (
				"$(DERIVED_FILE_DIR)/Pods-elementsWeather-checkManifestLockResult.txt",
			);
			runOnlyForDeploymentPostprocessing = 0;
			shellPath = /bin/sh;
			shellScript = "diff \"${PODS_PODFILE_DIR_PATH}/Podfile.lock\" \"${PODS_ROOT}/Manifest.lock\" > /dev/null\nif [ $? != 0 ] ; then\n    # print error to STDERR\n    echo \"error: The sandbox is not in sync with the Podfile.lock. Run 'pod install' or update your CocoaPods installation.\" >&2\n    exit 1\nfi\n# This output is used by Xcode 'outputs' to avoid re-running this script phase.\necho \"SUCCESS\" > \"${SCRIPT_OUTPUT_FILE_0}\"\n";
			showEnvVarsInLog = 0;
		};
		1638B8315BE773ABB2AABF09 /* [CP] Embed Pods Frameworks */ = {
			isa = PBXShellScriptBuildPhase;
			buildActionMask = 2147483647;
			files = (
			);
			inputFileListPaths = (
				"${PODS_ROOT}/Target Support Files/Pods-elementsWeather-elementsWeatherUITests/Pods-elementsWeather-elementsWeatherUITests-frameworks-${CONFIGURATION}-input-files.xcfilelist",
			);
			name = "[CP] Embed Pods Frameworks";
			outputFileListPaths = (
				"${PODS_ROOT}/Target Support Files/Pods-elementsWeather-elementsWeatherUITests/Pods-elementsWeather-elementsWeatherUITests-frameworks-${CONFIGURATION}-output-files.xcfilelist",
			);
			runOnlyForDeploymentPostprocessing = 0;
			shellPath = /bin/sh;
			shellScript = "\"${PODS_ROOT}/Target Support Files/Pods-elementsWeather-elementsWeatherUITests/Pods-elementsWeather-elementsWeatherUITests-frameworks.sh\"\n";
			showEnvVarsInLog = 0;
		};
		A0B0A67CFE4BDE833D9C847A /* [CP] Embed Pods Frameworks */ = {
			isa = PBXShellScriptBuildPhase;
			buildActionMask = 2147483647;
			files = (
			);
			inputFileListPaths = (
				"${PODS_ROOT}/Target Support Files/Pods-elementsWeather/Pods-elementsWeather-frameworks-${CONFIGURATION}-input-files.xcfilelist",
			);
			name = "[CP] Embed Pods Frameworks";
			outputFileListPaths = (
				"${PODS_ROOT}/Target Support Files/Pods-elementsWeather/Pods-elementsWeather-frameworks-${CONFIGURATION}-output-files.xcfilelist",
			);
			runOnlyForDeploymentPostprocessing = 0;
			shellPath = /bin/sh;
			shellScript = "\"${PODS_ROOT}/Target Support Files/Pods-elementsWeather/Pods-elementsWeather-frameworks.sh\"\n";
			showEnvVarsInLog = 0;
		};
		B271F7C70519FF9FE5DFBAE4 /* [CP] Check Pods Manifest.lock */ = {
			isa = PBXShellScriptBuildPhase;
			buildActionMask = 2147483647;
			files = (
			);
			inputFileListPaths = (
			);
			inputPaths = (
				"${PODS_PODFILE_DIR_PATH}/Podfile.lock",
				"${PODS_ROOT}/Manifest.lock",
			);
			name = "[CP] Check Pods Manifest.lock";
			outputFileListPaths = (
			);
			outputPaths = (
				"$(DERIVED_FILE_DIR)/Pods-elementsWeatherTests-checkManifestLockResult.txt",
			);
			runOnlyForDeploymentPostprocessing = 0;
			shellPath = /bin/sh;
			shellScript = "diff \"${PODS_PODFILE_DIR_PATH}/Podfile.lock\" \"${PODS_ROOT}/Manifest.lock\" > /dev/null\nif [ $? != 0 ] ; then\n    # print error to STDERR\n    echo \"error: The sandbox is not in sync with the Podfile.lock. Run 'pod install' or update your CocoaPods installation.\" >&2\n    exit 1\nfi\n# This output is used by Xcode 'outputs' to avoid re-running this script phase.\necho \"SUCCESS\" > \"${SCRIPT_OUTPUT_FILE_0}\"\n";
			showEnvVarsInLog = 0;
		};
		F8720BE006756004D439E5E6 /* [CP] Check Pods Manifest.lock */ = {
			isa = PBXShellScriptBuildPhase;
			buildActionMask = 2147483647;
			files = (
			);
			inputFileListPaths = (
			);
			inputPaths = (
				"${PODS_PODFILE_DIR_PATH}/Podfile.lock",
				"${PODS_ROOT}/Manifest.lock",
			);
			name = "[CP] Check Pods Manifest.lock";
			outputFileListPaths = (
			);
			outputPaths = (
				"$(DERIVED_FILE_DIR)/Pods-elementsWeather-elementsWeatherUITests-checkManifestLockResult.txt",
			);
			runOnlyForDeploymentPostprocessing = 0;
			shellPath = /bin/sh;
			shellScript = "diff \"${PODS_PODFILE_DIR_PATH}/Podfile.lock\" \"${PODS_ROOT}/Manifest.lock\" > /dev/null\nif [ $? != 0 ] ; then\n    # print error to STDERR\n    echo \"error: The sandbox is not in sync with the Podfile.lock. Run 'pod install' or update your CocoaPods installation.\" >&2\n    exit 1\nfi\n# This output is used by Xcode 'outputs' to avoid re-running this script phase.\necho \"SUCCESS\" > \"${SCRIPT_OUTPUT_FILE_0}\"\n";
			showEnvVarsInLog = 0;
		};
/* End PBXShellScriptBuildPhase section */

/* Begin PBXSourcesBuildPhase section */
		E7C57C8424D216880004D7B7 /* Sources */ = {
			isa = PBXSourcesBuildPhase;
			buildActionMask = 2147483647;
			files = (
				E7C57CCF24D2200A0004D7B7 /* WeatherTableViewCell.swift in Sources */,
				E7C57CD324D2229B0004D7B7 /* WeatherViewModel.swift in Sources */,
				E7AA505624D70CB6002BBE66 /* CityDetailScreenViewController.swift in Sources */,
				E7C57CC524D218DC0004D7B7 /* ConfigAPI.swift in Sources */,
				E7C57CC224D218A40004D7B7 /* NetworkManager.swift in Sources */,
				E7C57CD724D224C80004D7B7 /* HomeScreenViewHandler.swift in Sources */,
				E7C57C9024D216880004D7B7 /* HomeScreenViewController.swift in Sources */,
				E7C57C9624D216880004D7B7 /* elementsWeather.xcdatamodeld in Sources */,
				E7969EFE24D748A6006F287C /* UIImageView.swift in Sources */,
				E7AA505824D70CC1002BBE66 /* CityDetailViewHandler.swift in Sources */,
				E7AA506724D74566002BBE66 /* CALayer.swift in Sources */,
				E7C57CCA24D21AD30004D7B7 /* Codable.swift in Sources */,
				E7C57CD524D2238F0004D7B7 /* HomeScreenInteractor.swift in Sources */,
				E7C57CC724D219CC0004D7B7 /* WeatherModel.swift in Sources */,
				E7AA506424D71C84002BBE66 /* CityDetailCollectionViewCell.swift in Sources */,
				E7C57C8C24D216880004D7B7 /* AppDelegate.swift in Sources */,
			);
			runOnlyForDeploymentPostprocessing = 0;
		};
		E7C57C9D24D216890004D7B7 /* Sources */ = {
			isa = PBXSourcesBuildPhase;
			buildActionMask = 2147483647;
			files = (
				E7C57CA624D216890004D7B7 /* elementsWeatherTests.swift in Sources */,
			);
			runOnlyForDeploymentPostprocessing = 0;
		};
		E7C57CA824D2168A0004D7B7 /* Sources */ = {
			isa = PBXSourcesBuildPhase;
			buildActionMask = 2147483647;
			files = (
				E7C57CB124D2168A0004D7B7 /* elementsWeatherUITests.swift in Sources */,
			);
			runOnlyForDeploymentPostprocessing = 0;
		};
/* End PBXSourcesBuildPhase section */

/* Begin PBXTargetDependency section */
		E7C57CA324D216890004D7B7 /* PBXTargetDependency */ = {
			isa = PBXTargetDependency;
			target = E7C57C8724D216880004D7B7 /* elementsWeather */;
			targetProxy = E7C57CA224D216890004D7B7 /* PBXContainerItemProxy */;
		};
		E7C57CAE24D2168A0004D7B7 /* PBXTargetDependency */ = {
			isa = PBXTargetDependency;
			target = E7C57C8724D216880004D7B7 /* elementsWeather */;
			targetProxy = E7C57CAD24D2168A0004D7B7 /* PBXContainerItemProxy */;
		};
/* End PBXTargetDependency section */

/* Begin PBXVariantGroup section */
		E7C57C9124D216880004D7B7 /* HomeScreen.storyboard */ = {
			isa = PBXVariantGroup;
			children = (
				E7C57C9224D216880004D7B7 /* Base */,
			);
			name = HomeScreen.storyboard;
			sourceTree = "<group>";
		};
		E7C57C9924D216890004D7B7 /* LaunchScreen.storyboard */ = {
			isa = PBXVariantGroup;
			children = (
				E7C57C9A24D216890004D7B7 /* Base */,
			);
			name = LaunchScreen.storyboard;
			sourceTree = "<group>";
		};
/* End PBXVariantGroup section */

/* Begin XCBuildConfiguration section */
		E7C57CB324D2168A0004D7B7 /* Debug */ = {
			isa = XCBuildConfiguration;
			buildSettings = {
				ALWAYS_SEARCH_USER_PATHS = NO;
				CLANG_ANALYZER_NONNULL = YES;
				CLANG_ANALYZER_NUMBER_OBJECT_CONVERSION = YES_AGGRESSIVE;
				CLANG_CXX_LANGUAGE_STANDARD = "gnu++14";
				CLANG_CXX_LIBRARY = "libc++";
				CLANG_ENABLE_MODULES = YES;
				CLANG_ENABLE_OBJC_ARC = YES;
				CLANG_ENABLE_OBJC_WEAK = YES;
				CLANG_WARN_BLOCK_CAPTURE_AUTORELEASING = YES;
				CLANG_WARN_BOOL_CONVERSION = YES;
				CLANG_WARN_COMMA = YES;
				CLANG_WARN_CONSTANT_CONVERSION = YES;
				CLANG_WARN_DEPRECATED_OBJC_IMPLEMENTATIONS = YES;
				CLANG_WARN_DIRECT_OBJC_ISA_USAGE = YES_ERROR;
				CLANG_WARN_DOCUMENTATION_COMMENTS = YES;
				CLANG_WARN_EMPTY_BODY = YES;
				CLANG_WARN_ENUM_CONVERSION = YES;
				CLANG_WARN_INFINITE_RECURSION = YES;
				CLANG_WARN_INT_CONVERSION = YES;
				CLANG_WARN_NON_LITERAL_NULL_CONVERSION = YES;
				CLANG_WARN_OBJC_IMPLICIT_RETAIN_SELF = YES;
				CLANG_WARN_OBJC_LITERAL_CONVERSION = YES;
				CLANG_WARN_OBJC_ROOT_CLASS = YES_ERROR;
				CLANG_WARN_RANGE_LOOP_ANALYSIS = YES;
				CLANG_WARN_STRICT_PROTOTYPES = YES;
				CLANG_WARN_SUSPICIOUS_MOVE = YES;
				CLANG_WARN_UNGUARDED_AVAILABILITY = YES_AGGRESSIVE;
				CLANG_WARN_UNREACHABLE_CODE = YES;
				CLANG_WARN__DUPLICATE_METHOD_MATCH = YES;
				COPY_PHASE_STRIP = NO;
				DEBUG_INFORMATION_FORMAT = dwarf;
				ENABLE_STRICT_OBJC_MSGSEND = YES;
				ENABLE_TESTABILITY = YES;
				GCC_C_LANGUAGE_STANDARD = gnu11;
				GCC_DYNAMIC_NO_PIC = NO;
				GCC_NO_COMMON_BLOCKS = YES;
				GCC_OPTIMIZATION_LEVEL = 0;
				GCC_PREPROCESSOR_DEFINITIONS = (
					"DEBUG=1",
					"$(inherited)",
				);
				GCC_WARN_64_TO_32_BIT_CONVERSION = YES;
				GCC_WARN_ABOUT_RETURN_TYPE = YES_ERROR;
				GCC_WARN_UNDECLARED_SELECTOR = YES;
				GCC_WARN_UNINITIALIZED_AUTOS = YES_AGGRESSIVE;
				GCC_WARN_UNUSED_FUNCTION = YES;
				GCC_WARN_UNUSED_VARIABLE = YES;
				IPHONEOS_DEPLOYMENT_TARGET = 13.6;
				MTL_ENABLE_DEBUG_INFO = INCLUDE_SOURCE;
				MTL_FAST_MATH = YES;
				ONLY_ACTIVE_ARCH = YES;
				SDKROOT = iphoneos;
				SWIFT_ACTIVE_COMPILATION_CONDITIONS = DEBUG;
				SWIFT_OPTIMIZATION_LEVEL = "-Onone";
			};
			name = Debug;
		};
		E7C57CB424D2168A0004D7B7 /* Release */ = {
			isa = XCBuildConfiguration;
			buildSettings = {
				ALWAYS_SEARCH_USER_PATHS = NO;
				CLANG_ANALYZER_NONNULL = YES;
				CLANG_ANALYZER_NUMBER_OBJECT_CONVERSION = YES_AGGRESSIVE;
				CLANG_CXX_LANGUAGE_STANDARD = "gnu++14";
				CLANG_CXX_LIBRARY = "libc++";
				CLANG_ENABLE_MODULES = YES;
				CLANG_ENABLE_OBJC_ARC = YES;
				CLANG_ENABLE_OBJC_WEAK = YES;
				CLANG_WARN_BLOCK_CAPTURE_AUTORELEASING = YES;
				CLANG_WARN_BOOL_CONVERSION = YES;
				CLANG_WARN_COMMA = YES;
				CLANG_WARN_CONSTANT_CONVERSION = YES;
				CLANG_WARN_DEPRECATED_OBJC_IMPLEMENTATIONS = YES;
				CLANG_WARN_DIRECT_OBJC_ISA_USAGE = YES_ERROR;
				CLANG_WARN_DOCUMENTATION_COMMENTS = YES;
				CLANG_WARN_EMPTY_BODY = YES;
				CLANG_WARN_ENUM_CONVERSION = YES;
				CLANG_WARN_INFINITE_RECURSION = YES;
				CLANG_WARN_INT_CONVERSION = YES;
				CLANG_WARN_NON_LITERAL_NULL_CONVERSION = YES;
				CLANG_WARN_OBJC_IMPLICIT_RETAIN_SELF = YES;
				CLANG_WARN_OBJC_LITERAL_CONVERSION = YES;
				CLANG_WARN_OBJC_ROOT_CLASS = YES_ERROR;
				CLANG_WARN_RANGE_LOOP_ANALYSIS = YES;
				CLANG_WARN_STRICT_PROTOTYPES = YES;
				CLANG_WARN_SUSPICIOUS_MOVE = YES;
				CLANG_WARN_UNGUARDED_AVAILABILITY = YES_AGGRESSIVE;
				CLANG_WARN_UNREACHABLE_CODE = YES;
				CLANG_WARN__DUPLICATE_METHOD_MATCH = YES;
				COPY_PHASE_STRIP = NO;
				DEBUG_INFORMATION_FORMAT = "dwarf-with-dsym";
				ENABLE_NS_ASSERTIONS = NO;
				ENABLE_STRICT_OBJC_MSGSEND = YES;
				GCC_C_LANGUAGE_STANDARD = gnu11;
				GCC_NO_COMMON_BLOCKS = YES;
				GCC_WARN_64_TO_32_BIT_CONVERSION = YES;
				GCC_WARN_ABOUT_RETURN_TYPE = YES_ERROR;
				GCC_WARN_UNDECLARED_SELECTOR = YES;
				GCC_WARN_UNINITIALIZED_AUTOS = YES_AGGRESSIVE;
				GCC_WARN_UNUSED_FUNCTION = YES;
				GCC_WARN_UNUSED_VARIABLE = YES;
				IPHONEOS_DEPLOYMENT_TARGET = 13.6;
				MTL_ENABLE_DEBUG_INFO = NO;
				MTL_FAST_MATH = YES;
				SDKROOT = iphoneos;
				SWIFT_COMPILATION_MODE = wholemodule;
				SWIFT_OPTIMIZATION_LEVEL = "-O";
				VALIDATE_PRODUCT = YES;
			};
			name = Release;
		};
		E7C57CB624D2168A0004D7B7 /* Debug */ = {
			isa = XCBuildConfiguration;
			baseConfigurationReference = BB2A9F4E1265BBAADF755675 /* Pods-elementsWeather.debug.xcconfig */;
			buildSettings = {
				ASSETCATALOG_COMPILER_APPICON_NAME = AppIcon;
				CODE_SIGN_STYLE = Automatic;
				DEVELOPMENT_TEAM = GU3LVMLYVJ;
				INFOPLIST_FILE = "elementsWeather/Support Files/Info.plist";
				LD_RUNPATH_SEARCH_PATHS = (
					"$(inherited)",
					"@executable_path/Frameworks",
				);
				PRODUCT_BUNDLE_IDENTIFIER = dev.aposnov.elementsWeather;
				PRODUCT_NAME = "$(TARGET_NAME)";
				SWIFT_VERSION = 5.0;
				TARGETED_DEVICE_FAMILY = 1;
			};
			name = Debug;
		};
		E7C57CB724D2168A0004D7B7 /* Release */ = {
			isa = XCBuildConfiguration;
			baseConfigurationReference = 62594D0A90850E434161C0D5 /* Pods-elementsWeather.release.xcconfig */;
			buildSettings = {
				ASSETCATALOG_COMPILER_APPICON_NAME = AppIcon;
				CODE_SIGN_STYLE = Automatic;
				DEVELOPMENT_TEAM = GU3LVMLYVJ;
				INFOPLIST_FILE = "elementsWeather/Support Files/Info.plist";
				LD_RUNPATH_SEARCH_PATHS = (
					"$(inherited)",
					"@executable_path/Frameworks",
				);
				PRODUCT_BUNDLE_IDENTIFIER = dev.aposnov.elementsWeather;
				PRODUCT_NAME = "$(TARGET_NAME)";
				SWIFT_VERSION = 5.0;
				TARGETED_DEVICE_FAMILY = 1;
			};
			name = Release;
		};
		E7C57CB924D2168A0004D7B7 /* Debug */ = {
			isa = XCBuildConfiguration;
			baseConfigurationReference = 64A5BBF331EDD5E549E2756F /* Pods-elementsWeatherTests.debug.xcconfig */;
			buildSettings = {
				ALWAYS_EMBED_SWIFT_STANDARD_LIBRARIES = YES;
				BUNDLE_LOADER = "$(TEST_HOST)";
				CODE_SIGN_STYLE = Automatic;
				DEVELOPMENT_TEAM = GU3LVMLYVJ;
				INFOPLIST_FILE = elementsWeatherTests/Info.plist;
				IPHONEOS_DEPLOYMENT_TARGET = 13.6;
				LD_RUNPATH_SEARCH_PATHS = (
					"$(inherited)",
					"@executable_path/Frameworks",
					"@loader_path/Frameworks",
				);
				PRODUCT_BUNDLE_IDENTIFIER = dev.aposnov.elementsWeatherTests;
				PRODUCT_NAME = "$(TARGET_NAME)";
				SWIFT_VERSION = 5.0;
				TARGETED_DEVICE_FAMILY = "1,2";
				TEST_HOST = "$(BUILT_PRODUCTS_DIR)/elementsWeather.app/elementsWeather";
			};
			name = Debug;
		};
		E7C57CBA24D2168A0004D7B7 /* Release */ = {
			isa = XCBuildConfiguration;
			baseConfigurationReference = 033140942FB6072F7095519A /* Pods-elementsWeatherTests.release.xcconfig */;
			buildSettings = {
				ALWAYS_EMBED_SWIFT_STANDARD_LIBRARIES = YES;
				BUNDLE_LOADER = "$(TEST_HOST)";
				CODE_SIGN_STYLE = Automatic;
				DEVELOPMENT_TEAM = GU3LVMLYVJ;
				INFOPLIST_FILE = elementsWeatherTests/Info.plist;
				IPHONEOS_DEPLOYMENT_TARGET = 13.6;
				LD_RUNPATH_SEARCH_PATHS = (
					"$(inherited)",
					"@executable_path/Frameworks",
					"@loader_path/Frameworks",
				);
				PRODUCT_BUNDLE_IDENTIFIER = dev.aposnov.elementsWeatherTests;
				PRODUCT_NAME = "$(TARGET_NAME)";
				SWIFT_VERSION = 5.0;
				TARGETED_DEVICE_FAMILY = "1,2";
				TEST_HOST = "$(BUILT_PRODUCTS_DIR)/elementsWeather.app/elementsWeather";
			};
			name = Release;
		};
		E7C57CBC24D2168A0004D7B7 /* Debug */ = {
			isa = XCBuildConfiguration;
			baseConfigurationReference = ED149A50EF904243DF1D3106 /* Pods-elementsWeather-elementsWeatherUITests.debug.xcconfig */;
			buildSettings = {
				ALWAYS_EMBED_SWIFT_STANDARD_LIBRARIES = YES;
				CODE_SIGN_STYLE = Automatic;
				DEVELOPMENT_TEAM = GU3LVMLYVJ;
				INFOPLIST_FILE = elementsWeatherUITests/Info.plist;
				LD_RUNPATH_SEARCH_PATHS = (
					"$(inherited)",
					"@executable_path/Frameworks",
					"@loader_path/Frameworks",
				);
				PRODUCT_BUNDLE_IDENTIFIER = dev.aposnov.elementsWeatherUITests;
				PRODUCT_NAME = "$(TARGET_NAME)";
				SWIFT_VERSION = 5.0;
				TARGETED_DEVICE_FAMILY = "1,2";
				TEST_TARGET_NAME = elementsWeather;
			};
			name = Debug;
		};
		E7C57CBD24D2168A0004D7B7 /* Release */ = {
			isa = XCBuildConfiguration;
			baseConfigurationReference = 1F0C9A45B18B7C22BFD11CEA /* Pods-elementsWeather-elementsWeatherUITests.release.xcconfig */;
			buildSettings = {
				ALWAYS_EMBED_SWIFT_STANDARD_LIBRARIES = YES;
				CODE_SIGN_STYLE = Automatic;
				DEVELOPMENT_TEAM = GU3LVMLYVJ;
				INFOPLIST_FILE = elementsWeatherUITests/Info.plist;
				LD_RUNPATH_SEARCH_PATHS = (
					"$(inherited)",
					"@executable_path/Frameworks",
					"@loader_path/Frameworks",
				);
				PRODUCT_BUNDLE_IDENTIFIER = dev.aposnov.elementsWeatherUITests;
				PRODUCT_NAME = "$(TARGET_NAME)";
				SWIFT_VERSION = 5.0;
				TARGETED_DEVICE_FAMILY = "1,2";
				TEST_TARGET_NAME = elementsWeather;
			};
			name = Release;
		};
/* End XCBuildConfiguration section */

/* Begin XCConfigurationList section */
		E7C57C8324D216880004D7B7 /* Build configuration list for PBXProject "elementsWeather" */ = {
			isa = XCConfigurationList;
			buildConfigurations = (
				E7C57CB324D2168A0004D7B7 /* Debug */,
				E7C57CB424D2168A0004D7B7 /* Release */,
			);
			defaultConfigurationIsVisible = 0;
			defaultConfigurationName = Release;
		};
		E7C57CB524D2168A0004D7B7 /* Build configuration list for PBXNativeTarget "elementsWeather" */ = {
			isa = XCConfigurationList;
			buildConfigurations = (
				E7C57CB624D2168A0004D7B7 /* Debug */,
				E7C57CB724D2168A0004D7B7 /* Release */,
			);
			defaultConfigurationIsVisible = 0;
			defaultConfigurationName = Release;
		};
		E7C57CB824D2168A0004D7B7 /* Build configuration list for PBXNativeTarget "elementsWeatherTests" */ = {
			isa = XCConfigurationList;
			buildConfigurations = (
				E7C57CB924D2168A0004D7B7 /* Debug */,
				E7C57CBA24D2168A0004D7B7 /* Release */,
			);
			defaultConfigurationIsVisible = 0;
			defaultConfigurationName = Release;
		};
		E7C57CBB24D2168A0004D7B7 /* Build configuration list for PBXNativeTarget "elementsWeatherUITests" */ = {
			isa = XCConfigurationList;
			buildConfigurations = (
				E7C57CBC24D2168A0004D7B7 /* Debug */,
				E7C57CBD24D2168A0004D7B7 /* Release */,
			);
			defaultConfigurationIsVisible = 0;
			defaultConfigurationName = Release;
		};
/* End XCConfigurationList section */

/* Begin XCVersionGroup section */
		E7C57C9424D216880004D7B7 /* elementsWeather.xcdatamodeld */ = {
			isa = XCVersionGroup;
			children = (
				E7C57C9524D216880004D7B7 /* elementsWeather.xcdatamodel */,
			);
			currentVersion = E7C57C9524D216880004D7B7 /* elementsWeather.xcdatamodel */;
			path = elementsWeather.xcdatamodeld;
			sourceTree = "<group>";
			versionGroupType = wrapper.xcdatamodel;
		};
/* End XCVersionGroup section */
	};
	rootObject = E7C57C8024D216880004D7B7 /* Project object */;
}
